
Microsoft Visual Studio Solution File, Format Version 12.00
# Visual Studio Version 17
VisualStudioVersion = 17.11.35303.130
MinimumVisualStudioVersion = 10.0.40219.1
Project("{FAE04EC0-301F-11D3-BF4B-00C04F79EFBC}") = "ConsoleApp8", "ConsoleApp8\ConsoleApp8.csproj", "{5242EB74-61A8-4425-B4F3-09F405FDB9BC}"
EndProject
Global
	GlobalSection(SolutionConfigurationPlatforms) = preSolution
		Debug|Any CPU = Debug|Any CPU
		Release|Any CPU = Release|Any CPU
	EndGlobalSection
	GlobalSection(ProjectConfigurationPlatforms) = postSolution
		{5242EB74-61A8-4425-B4F3-09F405FDB9BC}.Debug|Any CPU.ActiveCfg = Debug|Any CPU
		{5242EB74-61A8-4425-B4F3-09F405FDB9BC}.Debug|Any CPU.Build.0 = Debug|Any CPU
		{5242EB74-61A8-4425-B4F3-09F405FDB9BC}.Release|Any CPU.ActiveCfg = Release|Any CPU
		{5242EB74-61A8-4425-B4F3-09F405FDB9BC}.Release|Any CPU.Build.0 = Release|Any CPU
	EndGlobalSection
	GlobalSection(SolutionProperties) = preSolution
		HideSolutionNode = FALSE
	EndGlobalSection
	GlobalSection(ExtensibilityGlobals) = postSolution
		SolutionGuid = {AAF0B67E-102A-4D30-9DDA-12449BF3EDB7}
	EndGlobalSection
EndGlobal
